
Microsoft Visual Studio Solution File, Format Version 12.00
# Visual Studio Version 17
VisualStudioVersion = 17.4.33110.190
MinimumVisualStudioVersion = 10.0.40219.1
Project("{FAE04EC0-301F-11D3-BF4B-00C04F79EFBC}") = "AnotherMVCApp", "AnotherMVCApp.csproj", "{FD13B931-6B70-4939-91AC-729717741F16}"
EndProject
Global
	GlobalSection(SolutionConfigurationPlatforms) = preSolution
		Debug|Any CPU = Debug|Any CPU
		Release|Any CPU = Release|Any CPU
	EndGlobalSection
	GlobalSection(ProjectConfigurationPlatforms) = postSolution
		{FD13B931-6B70-4939-91AC-729717741F16}.Debug|Any CPU.ActiveCfg = Debug|Any CPU
		{FD13B931-6B70-4939-91AC-729717741F16}.Debug|Any CPU.Build.0 = Debug|Any CPU
		{FD13B931-6B70-4939-91AC-729717741F16}.Release|Any CPU.ActiveCfg = Release|Any CPU
		{FD13B931-6B70-4939-91AC-729717741F16}.Release|Any CPU.Build.0 = Release|Any CPU
	EndGlobalSection
	GlobalSection(SolutionProperties) = preSolution
		HideSolutionNode = FALSE
	EndGlobalSection
	GlobalSection(ExtensibilityGlobals) = postSolution
		SolutionGuid = {03EBB4C2-5391-41AB-95DC-1010EA3877B6}
	EndGlobalSection
EndGlobal
